github.com/aws/aws-sdk-go v1.54.16 h1:+B9zGaVwOUU6AO9Sy99VjTMDPthWx10HjB08hjaBHIc=
github.com/aws/aws-sdk-go v1.54.16/go.mod h1:eRwEWoyTWFMVYVQzKMNHWP5/RV4xIUGMQfXQHfHkpNU=
github.com/davecgh/go-spew v1.1.0 h1:ZDRjVQ15GmhC3fiQ8ni8+OwkZQO4DARzQgrnXU1Liz8=
github.com/davecgh/go-spew v1.1.0/go.mod h1:J7Y8YcW2NihsgmVo/mv3lAwl/skON4iLHjSsI+c5H38=
github.com/jayalane/go-counter v0.0.0-20240705210921-ef55ebe2f756 h1:hOgyVo4XSFAf+21AVDw9wsDpuq/gbpZYgutp7NlL5r8=
github.com/jayalane/go-counter v0.0.0-20240705210921-ef55ebe2f756/go.mod h1:UljiSOhE0XxrhKIKw8CvrtVQo4cV71/08RzTDjYxdmk=
github.com/jayalane/go-persist-set v1.0.0 h1:SzomxZb5oyJ04iLP8tQ3Rx+h1PTxfEduPJgr3VvzFH4=
github.com/jayalane/go-persist-set v1.0.0/go.mod h1:6dER1Vjr1vqH3TCi6CjMbQOiMV1KbW4TIBKMjaH3ZvA=
github.com/jayalane/go-tinyconfig v0.0.0-20240705214247-5466406a70c3 h1:OyzBkilxu71zFE4UtiUUWtE1AgwD0THIC3fCiEjasi8=
github.com/jayalane/go-tinyconfig v0.0.0-20240705214247-5466406a70c3/go.mod h1:oobKLK1D4VJK/E5iJinIE+g1E3UBJayAfVQSQ967ujM=
github.com/jmespath/go-jmespath v0.4.0 h1:BEgLn5cpjn8UN1mAw4NjwDrS35OdebyEtFe+9YPoQUg=
github.com/jmespath/go-jmespath v0.4.0/go.mod h1:T8mJZnbsbmF+m6zOOFylbeCJqk5+pHWvzYPziyZiYoo=
github.com/jmespath/go-jmespath/internal/testify v1.5.1 h1:shLQSRRSCCPj3f2gpwzGwWFoC7ycTf1rcQZHOlsJ6N8=
github.com/jmespath/go-jmespath/internal/testify v1.5.1/go.mod h1:L3OGu8Wl2/fWfCI6z80xFu9LTZmf1ZRjMHUOPmWr69U=
github.com/pmezard/go-difflib v1.0.0 h1:4DBwDE0NGyQoBHbLQYPwSUPoCMWR5BEzIk/f1lZbAQM=
github.com/pmezard/go-difflib v1.0.0/go.mod h1:iKH77koFhYxTK1pcRnkKkqfTogsbg7gZNVY4sRDYZ/4=
github.com/stretchr/objx v0.1.0/go.mod h1:HFkY916IF+rwdDfMAkV7OtwuqBVzrE8GR6GFx+wExME=
gopkg.in/check.v1 v0.0.0-20161208181325-20d25e280405/go.mod h1:Co6ibVJAznAaIkqp8huTwlJQCZ016jof/cbN4VW5Yz0=
gopkg.in/yaml.v2 v2.2.8 h1:obN1ZagJSUGI0Ek/LBmuj4SNLPfIny3KsKFopxRdj10=
gopkg.in/yaml.v2 v2.2.8/go.mod h1:hI93XBmqTisBFMUTm0b8Fm+jr3Dg1NNxqwp+5A1VGuI=
